
Microsoft Visual Studio Solution File, Format Version 12.00
# Visual Studio Version 17
VisualStudioVersion = 17.4.33122.133
MinimumVisualStudioVersion = 10.0.40219.1
Project("{9A19103F-16F7-4668-BE54-9A1E7A4F7556}") = "0.1 DevelopClass", "DevelopClass\0.1 DevelopClass.csproj", "{537C432E-43D3-44A1-838D-AC4318AFFBD5}"
EndProject
Project("{2150E333-8FDC-42A3-9474-1A3956D46DE8}") = "Tests", "Tests", "{7C683081-67D1-4A51-A251-52EF8ACA16E3}"
EndProject
Project("{9A19103F-16F7-4668-BE54-9A1E7A4F7556}") = "Stack", "Testing\Stack.csproj", "{BCBF2FC8-1778-44C5-84D2-45ED7DB81D47}"
EndProject
Project("{9A19103F-16F7-4668-BE54-9A1E7A4F7556}") = "0.2 CreateAPolygon", "CreateAPolygon\0.2 CreateAPolygon.csproj", "{A3D70F46-A3C9-454C-87E3-88823F2C4679}"
EndProject
Project("{9A19103F-16F7-4668-BE54-9A1E7A4F7556}") = "MyTesting", "MyTesting\MyTesting.csproj", "{01CC852B-B187-4115-B5A4-791290301A9C}"
EndProject
Project("{9A19103F-16F7-4668-BE54-9A1E7A4F7556}") = "0.3 WorldOfTanks", "WorldOfTanks\0.3 WorldOfTanks.csproj", "{F3BCF630-CC0E-44DD-94EF-539AC1320624}"
EndProject
Project("{9A19103F-16F7-4668-BE54-9A1E7A4F7556}") = "0.4 DifferenceOfTwoDates", "DifferenceOfTwoDates\0.4 DifferenceOfTwoDates.csproj", "{245C2162-B0E5-4A73-8255-0DA10E23DFF7}"
EndProject
Project("{9A19103F-16F7-4668-BE54-9A1E7A4F7556}") = "0.5 ProductIndexInformation", "ProductIndexInformation\0.5 ProductIndexInformation.csproj", "{5A6E5F68-F382-49DB-B7E9-8BE75FF3E823}"
EndProject
Global
	GlobalSection(SolutionConfigurationPlatforms) = preSolution
		Debug|Any CPU = Debug|Any CPU
		Release|Any CPU = Release|Any CPU
	EndGlobalSection
	GlobalSection(ProjectConfigurationPlatforms) = postSolution
		{537C432E-43D3-44A1-838D-AC4318AFFBD5}.Debug|Any CPU.ActiveCfg = Debug|Any CPU
		{537C432E-43D3-44A1-838D-AC4318AFFBD5}.Debug|Any CPU.Build.0 = Debug|Any CPU
		{537C432E-43D3-44A1-838D-AC4318AFFBD5}.Release|Any CPU.ActiveCfg = Release|Any CPU
		{537C432E-43D3-44A1-838D-AC4318AFFBD5}.Release|Any CPU.Build.0 = Release|Any CPU
		{BCBF2FC8-1778-44C5-84D2-45ED7DB81D47}.Debug|Any CPU.ActiveCfg = Debug|Any CPU
		{BCBF2FC8-1778-44C5-84D2-45ED7DB81D47}.Debug|Any CPU.Build.0 = Debug|Any CPU
		{BCBF2FC8-1778-44C5-84D2-45ED7DB81D47}.Release|Any CPU.ActiveCfg = Release|Any CPU
		{BCBF2FC8-1778-44C5-84D2-45ED7DB81D47}.Release|Any CPU.Build.0 = Release|Any CPU
		{A3D70F46-A3C9-454C-87E3-88823F2C4679}.Debug|Any CPU.ActiveCfg = Debug|Any CPU
		{A3D70F46-A3C9-454C-87E3-88823F2C4679}.Debug|Any CPU.Build.0 = Debug|Any CPU
		{A3D70F46-A3C9-454C-87E3-88823F2C4679}.Release|Any CPU.ActiveCfg = Release|Any CPU
		{A3D70F46-A3C9-454C-87E3-88823F2C4679}.Release|Any CPU.Build.0 = Release|Any CPU
		{01CC852B-B187-4115-B5A4-791290301A9C}.Debug|Any CPU.ActiveCfg = Debug|Any CPU
		{01CC852B-B187-4115-B5A4-791290301A9C}.Debug|Any CPU.Build.0 = Debug|Any CPU
		{01CC852B-B187-4115-B5A4-791290301A9C}.Release|Any CPU.ActiveCfg = Release|Any CPU
		{01CC852B-B187-4115-B5A4-791290301A9C}.Release|Any CPU.Build.0 = Release|Any CPU
		{F3BCF630-CC0E-44DD-94EF-539AC1320624}.Debug|Any CPU.ActiveCfg = Debug|Any CPU
		{F3BCF630-CC0E-44DD-94EF-539AC1320624}.Debug|Any CPU.Build.0 = Debug|Any CPU
		{F3BCF630-CC0E-44DD-94EF-539AC1320624}.Release|Any CPU.ActiveCfg = Release|Any CPU
		{F3BCF630-CC0E-44DD-94EF-539AC1320624}.Release|Any CPU.Build.0 = Release|Any CPU
		{245C2162-B0E5-4A73-8255-0DA10E23DFF7}.Debug|Any CPU.ActiveCfg = Debug|Any CPU
		{245C2162-B0E5-4A73-8255-0DA10E23DFF7}.Debug|Any CPU.Build.0 = Debug|Any CPU
		{245C2162-B0E5-4A73-8255-0DA10E23DFF7}.Release|Any CPU.ActiveCfg = Release|Any CPU
		{245C2162-B0E5-4A73-8255-0DA10E23DFF7}.Release|Any CPU.Build.0 = Release|Any CPU
		{5A6E5F68-F382-49DB-B7E9-8BE75FF3E823}.Debug|Any CPU.ActiveCfg = Debug|Any CPU
		{5A6E5F68-F382-49DB-B7E9-8BE75FF3E823}.Debug|Any CPU.Build.0 = Debug|Any CPU
		{5A6E5F68-F382-49DB-B7E9-8BE75FF3E823}.Release|Any CPU.ActiveCfg = Release|Any CPU
		{5A6E5F68-F382-49DB-B7E9-8BE75FF3E823}.Release|Any CPU.Build.0 = Release|Any CPU
	EndGlobalSection
	GlobalSection(SolutionProperties) = preSolution
		HideSolutionNode = FALSE
	EndGlobalSection
	GlobalSection(NestedProjects) = preSolution
		{BCBF2FC8-1778-44C5-84D2-45ED7DB81D47} = {7C683081-67D1-4A51-A251-52EF8ACA16E3}
		{01CC852B-B187-4115-B5A4-791290301A9C} = {7C683081-67D1-4A51-A251-52EF8ACA16E3}
	EndGlobalSection
	GlobalSection(ExtensibilityGlobals) = postSolution
		SolutionGuid = {C8A058B7-9F88-4E84-9E8D-D2CAA2E449D1}
	EndGlobalSection
EndGlobal
