
Microsoft Visual Studio Solution File, Format Version 12.00
# Visual Studio Version 17
VisualStudioVersion = 17.4.33122.133
MinimumVisualStudioVersion = 10.0.40219.1
Project("{9A19103F-16F7-4668-BE54-9A1E7A4F7556}") = "0.1 DevelopClass", "DevelopClass\0.1 DevelopClass.csproj", "{537C432E-43D3-44A1-838D-AC4318AFFBD5}"
EndProject
Project("{2150E333-8FDC-42A3-9474-1A3956D46DE8}") = "Tests", "Tests", "{7C683081-67D1-4A51-A251-52EF8ACA16E3}"
EndProject
Project("{9A19103F-16F7-4668-BE54-9A1E7A4F7556}") = "Stack", "Testing\Stack.csproj", "{BCBF2FC8-1778-44C5-84D2-45ED7DB81D47}"
EndProject
Project("{9A19103F-16F7-4668-BE54-9A1E7A4F7556}") = "0.2 CreateAPolygon", "CreateAPolygon\0.2 CreateAPolygon.csproj", "{A3D70F46-A3C9-454C-87E3-88823F2C4679}"
EndProject
Project("{9A19103F-16F7-4668-BE54-9A1E7A4F7556}") = "MyTesting", "MyTesting\MyTesting.csproj", "{01CC852B-B187-4115-B5A4-791290301A9C}"
EndProject
Project("{9A19103F-16F7-4668-BE54-9A1E7A4F7556}") = "0.3 WorldOfTanks", "WorldOfTanks\0.3 WorldOfTanks.csproj", "{F3BCF630-CC0E-44DD-94EF-539AC1320624}"
EndProject
Project("{9A19103F-16F7-4668-BE54-9A1E7A4F7556}") = "0.4 DifferenceOfTwoDates", "DifferenceOfTwoDates\0.4 DifferenceOfTwoDates.csproj", "{245C2162-B0E5-4A73-8255-0DA10E23DFF7}"
EndProject
Project("{9A19103F-16F7-4668-BE54-9A1E7A4F7556}") = "0.5 ProductIndexInformation", "ProductIndexInformation\0.5 ProductIndexInformation.csproj", "{5A6E5F68-F382-49DB-B7E9-8BE75FF3E823}"
EndProject
Project("{9A19103F-16F7-4668-BE54-9A1E7A4F7556}") = "Indexers", "Indexers\Indexers.csproj", "{84981C03-3E41-43A9-9106-3AB7E9A3180A}"
EndProject
Project("{9A19103F-16F7-4668-BE54-9A1E7A4F7556}") = "0.6 StudentPerformance", "StudentPerformance\0.6 StudentPerformance.csproj", "{7773D6C6-AF38-495D-AC29-6271DF24E658}"
EndProject
Project("{9A19103F-16F7-4668-BE54-9A1E7A4F7556}") = "0.7 DocumentФAvailabilityStatus", "DocumentФAvailabilityStatus\0.7 DocumentФAvailabilityStatus.csproj", "{3CE3A946-DA34-4388-90F1-D82602E11624}"
EndProject
Project("{9A19103F-16F7-4668-BE54-9A1E7A4F7556}") = "BitCipherAndSimpleCipher", "BitCipherAndSimpleCipher\BitCipherAndSimpleCipher.csproj", "{44CDC0A7-F94D-4E5D-9209-AF3950FEB8FF}"
EndProject
Project("{9A19103F-16F7-4668-BE54-9A1E7A4F7556}") = "0.8 AbstractHandler", "AbstractHandler\0.8 AbstractHandler.csproj", "{F714E30C-F6AF-480C-848A-593967C80A22}"
EndProject
Project("{9A19103F-16F7-4668-BE54-9A1E7A4F7556}") = "0.9 PlayerPlaybackAndRecording", "PlayerPlaybackAndRecording\0.9 PlayerPlaybackAndRecording.csproj", "{6C23F3BB-65A2-4A79-B8A6-9A2293B15C55}"
EndProject
Project("{9A19103F-16F7-4668-BE54-9A1E7A4F7556}") = "EnumType", "EnumType\EnumType.csproj", "{F8195A17-3DA9-4F5E-8C6C-24E714929AE9}"
EndProject
Project("{9A19103F-16F7-4668-BE54-9A1E7A4F7556}") = "1.0 TrainData", "TrainData\1.0 TrainData.csproj", "{3D8D22DF-D728-4203-B5A2-FB6844DA4B6C}"
EndProject
Project("{9A19103F-16F7-4668-BE54-9A1E7A4F7556}") = "1.1 Worker", "Worker\1.1 Worker.csproj", "{FE1D934D-1AAC-4352-ADA8-64298722FB7F}"
EndProject
Project("{9A19103F-16F7-4668-BE54-9A1E7A4F7556}") = "1.2 InformationTransfer - Доделать", "InformationTransfer\1.2 InformationTransfer - Доделать.csproj", "{88539737-650B-457D-BDF6-B95DB653DED5}"
EndProject
Project("{9A19103F-16F7-4668-BE54-9A1E7A4F7556}") = "Iterator", "Iterator\Iterator.csproj", "{2E1AE725-92D8-4D87-AC34-631DE36646C9}"
EndProject
Project("{9A19103F-16F7-4668-BE54-9A1E7A4F7556}") = "1.3 ReturnACollectionOfSquaredIntegers", "ReturnACollectionOfSquaredIntegers\1.3 ReturnACollectionOfSquaredIntegers.csproj", "{D2B5C0EF-EAF3-4165-BFA4-9882A2E08C19}"
EndProject
Project("{9A19103F-16F7-4668-BE54-9A1E7A4F7556}") = "1.4 CollectionOfMonths", "CollectionOfMonths\1.4 CollectionOfMonths.csproj", "{FC579EAF-4401-4B94-B674-9ADC9A40FFA2}"
EndProject
Project("{9A19103F-16F7-4668-BE54-9A1E7A4F7556}") = "1.5 CollectionOfBuyersAndGoods", "CollectionOfBuyersAndGoods\1.5 CollectionOfBuyersAndGoods.csproj", "{A36B4940-C053-40FB-9718-1E93326D70BF}"
EndProject
Project("{9A19103F-16F7-4668-BE54-9A1E7A4F7556}") = "1.6 DoublyLinkedList", "DoublyLinkedList\1.6 DoublyLinkedList.csproj", "{3922B428-73C3-4B48-A1BA-BC444EB42C13}"
EndProject
Project("{9A19103F-16F7-4668-BE54-9A1E7A4F7556}") = "1.7 MakeAListGenerics", "MakeAListGenerics\1.7 MakeAListGenerics.csproj", "{7EA84476-93FE-4666-B98C-906B50A6E17B}"
EndProject
Project("{9A19103F-16F7-4668-BE54-9A1E7A4F7556}") = "1.8 SortByName", "SortByName\1.8 SortByName.csproj", "{DE3C9B26-3F0B-4AAA-A7DE-FB072ABE4BFE}"
EndProject
Project("{9A19103F-16F7-4668-BE54-9A1E7A4F7556}") = "MyStreamWriter", "MyStreamWriter\MyStreamWriter.csproj", "{919AA64B-A051-4183-890D-E6B52EB0D24B}"
EndProject
Project("{9A19103F-16F7-4668-BE54-9A1E7A4F7556}") = "ChangeExtension", "ChangeExtension\ChangeExtension.csproj", "{5E9AF596-E307-4CD6-B8DB-9D668D4AC9E0}"
EndProject
Project("{9A19103F-16F7-4668-BE54-9A1E7A4F7556}") = "1.9 WorkWithFileStream", "WorkWithFileStream\1.9 WorkWithFileStream.csproj", "{4C8575CC-7EE8-458B-9F6D-AB92A167B85C}"
EndProject
Project("{9A19103F-16F7-4668-BE54-9A1E7A4F7556}") = "MyDelegate", "MyDelegate\MyDelegate.csproj", "{53357D34-7A53-4D5E-B511-D9D01E873701}"
EndProject
Project("{9A19103F-16F7-4668-BE54-9A1E7A4F7556}") = "AnonimMethod", "AnonimMethod\AnonimMethod.csproj", "{3172BDA6-1541-414A-ADCE-4B1218E365BA}"
EndProject
Project("{9A19103F-16F7-4668-BE54-9A1E7A4F7556}") = "EasySort", "EasySort\EasySort.csproj", "{40149432-3892-4AA2-8DB4-2C7E949D797C}"
EndProject
Project("{9A19103F-16F7-4668-BE54-9A1E7A4F7556}") = "BubbleSorterGeneric", "BubbleSorterGeneric\BubbleSorterGeneric.csproj", "{DE2A36C1-43C0-4027-8B8D-70B2789D6560}"
EndProject
Project("{9A19103F-16F7-4668-BE54-9A1E7A4F7556}") = "EventWithALimitedNumberOfHandlers", "EventWithALimitedNumberOfHandlers\EventWithALimitedNumberOfHandlers.csproj", "{0CE55E4C-7888-441C-B574-B3CCCF4E2AF6}"
EndProject
Project("{9A19103F-16F7-4668-BE54-9A1E7A4F7556}") = "EventKeyboard", "EventKeyboard\EventKeyboard.csproj", "{A7C16B70-ABE5-4ED3-B9D4-0B1A54CF5F12}"
EndProject
Project("{9A19103F-16F7-4668-BE54-9A1E7A4F7556}") = "MyEventHandler", "MyEventHandler\MyEventHandler.csproj", "{22C801E5-EC04-461F-B876-EDCFC4DD4367}"
EndProject
Project("{9A19103F-16F7-4668-BE54-9A1E7A4F7556}") = "EventNotoficationsJournalSubscription", "EventNotofications\EventNotoficationsJournalSubscription.csproj", "{5C795341-B801-4C54-B1A8-3B04E38E45ED}"
EndProject
Project("{9A19103F-16F7-4668-BE54-9A1E7A4F7556}") = "MyObservableCollection", "MyObservableCollection\MyObservableCollection.csproj", "{6FFE1DC6-4A4D-4A9B-BD28-C4F2A8178637}"
EndProject
Project("{9A19103F-16F7-4668-BE54-9A1E7A4F7556}") = "MyFileSystemWatcher", "MyFileSystemWatcher\MyFileSystemWatcher.csproj", "{F28A345E-3391-4502-AA75-1EB4ADE362D2}"
EndProject
Project("{9A19103F-16F7-4668-BE54-9A1E7A4F7556}") = "2.0 AnonymousMethod", "AnonymousMethod\2.0 AnonymousMethod.csproj", "{DF9F002A-3BD1-4D46-ACCD-905FF5F607E7}"
EndProject
Project("{9A19103F-16F7-4668-BE54-9A1E7A4F7556}") = "2.1 KeystrokeReportInFile", "KeystrokeReportInFile\2.1 KeystrokeReportInFile.csproj", "{DF9B9308-5A11-4DF1-AF60-2411B709C585}"
EndProject
Project("{9A19103F-16F7-4668-BE54-9A1E7A4F7556}") = "LINQEmployee", "LINQEmployee\LINQEmployee.csproj", "{394AD5F2-0EE4-49C7-BA92-ACF241BA3899}"
EndProject
Project("{9A19103F-16F7-4668-BE54-9A1E7A4F7556}") = "MyltiplicationTable", "MyltiplicationTable\MyltiplicationTable.csproj", "{4AF15C6F-07C4-4FFF-BE21-38BBE4211CB3}"
EndProject
Project("{FAE04EC0-301F-11D3-BF4B-00C04F79EFBC}") = "LINQJoin", "LINQJoin\LINQJoin.csproj", "{D931C861-AF1A-4F68-B5DD-4BA93E117E93}"
EndProject
Project("{FAE04EC0-301F-11D3-BF4B-00C04F79EFBC}") = "LINQSort", "LINQSort\LINQSort.csproj", "{CFC6DBB8-4FC6-4B55-BFA3-21A4DC4FE0E5}"
EndProject
Project("{FAE04EC0-301F-11D3-BF4B-00C04F79EFBC}") = "LINQInputOutput", "LINQInputOutput\LINQInputOutput.csproj", "{DEA65F01-1E01-4310-B5A5-B5585B8F3D1E}"
EndProject
Project("{FAE04EC0-301F-11D3-BF4B-00C04F79EFBC}") = "LINQLet", "LINQLet\LINQLet.csproj", "{62C29AE5-8F47-40DE-B9BB-FBB3E2A91A25}"
EndProject
Project("{FAE04EC0-301F-11D3-BF4B-00C04F79EFBC}") = "LINQGroupBy", "LINQGroupBy\LINQGroupBy.csproj", "{E34D147C-FA96-4255-A049-8E57751ABCAF}"
EndProject
Project("{FAE04EC0-301F-11D3-BF4B-00C04F79EFBC}") = "LINQGroupByProperty", "LINQGroupByProperty\LINQGroupByProperty.csproj", "{132E3E95-547E-4B4B-82E0-464BE5DF960B}"
EndProject
Project("{FAE04EC0-301F-11D3-BF4B-00C04F79EFBC}") = "LINQGroubByInto", "LINQGroubByInto\LINQGroubByInto.csproj", "{75A374BF-180A-4FA3-92C5-B7D6BF6C95F6}"
EndProject
Global
	GlobalSection(SolutionConfigurationPlatforms) = preSolution
		Debug|Any CPU = Debug|Any CPU
		Release|Any CPU = Release|Any CPU
	EndGlobalSection
	GlobalSection(ProjectConfigurationPlatforms) = postSolution
		{537C432E-43D3-44A1-838D-AC4318AFFBD5}.Debug|Any CPU.ActiveCfg = Debug|Any CPU
		{537C432E-43D3-44A1-838D-AC4318AFFBD5}.Debug|Any CPU.Build.0 = Debug|Any CPU
		{537C432E-43D3-44A1-838D-AC4318AFFBD5}.Release|Any CPU.ActiveCfg = Release|Any CPU
		{537C432E-43D3-44A1-838D-AC4318AFFBD5}.Release|Any CPU.Build.0 = Release|Any CPU
		{BCBF2FC8-1778-44C5-84D2-45ED7DB81D47}.Debug|Any CPU.ActiveCfg = Debug|Any CPU
		{BCBF2FC8-1778-44C5-84D2-45ED7DB81D47}.Debug|Any CPU.Build.0 = Debug|Any CPU
		{BCBF2FC8-1778-44C5-84D2-45ED7DB81D47}.Release|Any CPU.ActiveCfg = Release|Any CPU
		{BCBF2FC8-1778-44C5-84D2-45ED7DB81D47}.Release|Any CPU.Build.0 = Release|Any CPU
		{A3D70F46-A3C9-454C-87E3-88823F2C4679}.Debug|Any CPU.ActiveCfg = Debug|Any CPU
		{A3D70F46-A3C9-454C-87E3-88823F2C4679}.Debug|Any CPU.Build.0 = Debug|Any CPU
		{A3D70F46-A3C9-454C-87E3-88823F2C4679}.Release|Any CPU.ActiveCfg = Release|Any CPU
		{A3D70F46-A3C9-454C-87E3-88823F2C4679}.Release|Any CPU.Build.0 = Release|Any CPU
		{01CC852B-B187-4115-B5A4-791290301A9C}.Debug|Any CPU.ActiveCfg = Debug|Any CPU
		{01CC852B-B187-4115-B5A4-791290301A9C}.Debug|Any CPU.Build.0 = Debug|Any CPU
		{01CC852B-B187-4115-B5A4-791290301A9C}.Release|Any CPU.ActiveCfg = Release|Any CPU
		{01CC852B-B187-4115-B5A4-791290301A9C}.Release|Any CPU.Build.0 = Release|Any CPU
		{F3BCF630-CC0E-44DD-94EF-539AC1320624}.Debug|Any CPU.ActiveCfg = Debug|Any CPU
		{F3BCF630-CC0E-44DD-94EF-539AC1320624}.Debug|Any CPU.Build.0 = Debug|Any CPU
		{F3BCF630-CC0E-44DD-94EF-539AC1320624}.Release|Any CPU.ActiveCfg = Release|Any CPU
		{F3BCF630-CC0E-44DD-94EF-539AC1320624}.Release|Any CPU.Build.0 = Release|Any CPU
		{245C2162-B0E5-4A73-8255-0DA10E23DFF7}.Debug|Any CPU.ActiveCfg = Debug|Any CPU
		{245C2162-B0E5-4A73-8255-0DA10E23DFF7}.Debug|Any CPU.Build.0 = Debug|Any CPU
		{245C2162-B0E5-4A73-8255-0DA10E23DFF7}.Release|Any CPU.ActiveCfg = Release|Any CPU
		{245C2162-B0E5-4A73-8255-0DA10E23DFF7}.Release|Any CPU.Build.0 = Release|Any CPU
		{5A6E5F68-F382-49DB-B7E9-8BE75FF3E823}.Debug|Any CPU.ActiveCfg = Debug|Any CPU
		{5A6E5F68-F382-49DB-B7E9-8BE75FF3E823}.Debug|Any CPU.Build.0 = Debug|Any CPU
		{5A6E5F68-F382-49DB-B7E9-8BE75FF3E823}.Release|Any CPU.ActiveCfg = Release|Any CPU
		{5A6E5F68-F382-49DB-B7E9-8BE75FF3E823}.Release|Any CPU.Build.0 = Release|Any CPU
		{84981C03-3E41-43A9-9106-3AB7E9A3180A}.Debug|Any CPU.ActiveCfg = Debug|Any CPU
		{84981C03-3E41-43A9-9106-3AB7E9A3180A}.Debug|Any CPU.Build.0 = Debug|Any CPU
		{84981C03-3E41-43A9-9106-3AB7E9A3180A}.Release|Any CPU.ActiveCfg = Release|Any CPU
		{84981C03-3E41-43A9-9106-3AB7E9A3180A}.Release|Any CPU.Build.0 = Release|Any CPU
		{7773D6C6-AF38-495D-AC29-6271DF24E658}.Debug|Any CPU.ActiveCfg = Debug|Any CPU
		{7773D6C6-AF38-495D-AC29-6271DF24E658}.Debug|Any CPU.Build.0 = Debug|Any CPU
		{7773D6C6-AF38-495D-AC29-6271DF24E658}.Release|Any CPU.ActiveCfg = Release|Any CPU
		{7773D6C6-AF38-495D-AC29-6271DF24E658}.Release|Any CPU.Build.0 = Release|Any CPU
		{3CE3A946-DA34-4388-90F1-D82602E11624}.Debug|Any CPU.ActiveCfg = Debug|Any CPU
		{3CE3A946-DA34-4388-90F1-D82602E11624}.Debug|Any CPU.Build.0 = Debug|Any CPU
		{3CE3A946-DA34-4388-90F1-D82602E11624}.Release|Any CPU.ActiveCfg = Release|Any CPU
		{3CE3A946-DA34-4388-90F1-D82602E11624}.Release|Any CPU.Build.0 = Release|Any CPU
		{44CDC0A7-F94D-4E5D-9209-AF3950FEB8FF}.Debug|Any CPU.ActiveCfg = Debug|Any CPU
		{44CDC0A7-F94D-4E5D-9209-AF3950FEB8FF}.Debug|Any CPU.Build.0 = Debug|Any CPU
		{44CDC0A7-F94D-4E5D-9209-AF3950FEB8FF}.Release|Any CPU.ActiveCfg = Release|Any CPU
		{44CDC0A7-F94D-4E5D-9209-AF3950FEB8FF}.Release|Any CPU.Build.0 = Release|Any CPU
		{F714E30C-F6AF-480C-848A-593967C80A22}.Debug|Any CPU.ActiveCfg = Debug|Any CPU
		{F714E30C-F6AF-480C-848A-593967C80A22}.Debug|Any CPU.Build.0 = Debug|Any CPU
		{F714E30C-F6AF-480C-848A-593967C80A22}.Release|Any CPU.ActiveCfg = Release|Any CPU
		{F714E30C-F6AF-480C-848A-593967C80A22}.Release|Any CPU.Build.0 = Release|Any CPU
		{6C23F3BB-65A2-4A79-B8A6-9A2293B15C55}.Debug|Any CPU.ActiveCfg = Debug|Any CPU
		{6C23F3BB-65A2-4A79-B8A6-9A2293B15C55}.Debug|Any CPU.Build.0 = Debug|Any CPU
		{6C23F3BB-65A2-4A79-B8A6-9A2293B15C55}.Release|Any CPU.ActiveCfg = Release|Any CPU
		{6C23F3BB-65A2-4A79-B8A6-9A2293B15C55}.Release|Any CPU.Build.0 = Release|Any CPU
		{F8195A17-3DA9-4F5E-8C6C-24E714929AE9}.Debug|Any CPU.ActiveCfg = Debug|Any CPU
		{F8195A17-3DA9-4F5E-8C6C-24E714929AE9}.Debug|Any CPU.Build.0 = Debug|Any CPU
		{F8195A17-3DA9-4F5E-8C6C-24E714929AE9}.Release|Any CPU.ActiveCfg = Release|Any CPU
		{F8195A17-3DA9-4F5E-8C6C-24E714929AE9}.Release|Any CPU.Build.0 = Release|Any CPU
		{3D8D22DF-D728-4203-B5A2-FB6844DA4B6C}.Debug|Any CPU.ActiveCfg = Debug|Any CPU
		{3D8D22DF-D728-4203-B5A2-FB6844DA4B6C}.Debug|Any CPU.Build.0 = Debug|Any CPU
		{3D8D22DF-D728-4203-B5A2-FB6844DA4B6C}.Release|Any CPU.ActiveCfg = Release|Any CPU
		{3D8D22DF-D728-4203-B5A2-FB6844DA4B6C}.Release|Any CPU.Build.0 = Release|Any CPU
		{FE1D934D-1AAC-4352-ADA8-64298722FB7F}.Debug|Any CPU.ActiveCfg = Debug|Any CPU
		{FE1D934D-1AAC-4352-ADA8-64298722FB7F}.Debug|Any CPU.Build.0 = Debug|Any CPU
		{FE1D934D-1AAC-4352-ADA8-64298722FB7F}.Release|Any CPU.ActiveCfg = Release|Any CPU
		{FE1D934D-1AAC-4352-ADA8-64298722FB7F}.Release|Any CPU.Build.0 = Release|Any CPU
		{88539737-650B-457D-BDF6-B95DB653DED5}.Debug|Any CPU.ActiveCfg = Debug|Any CPU
		{88539737-650B-457D-BDF6-B95DB653DED5}.Debug|Any CPU.Build.0 = Debug|Any CPU
		{88539737-650B-457D-BDF6-B95DB653DED5}.Release|Any CPU.ActiveCfg = Release|Any CPU
		{88539737-650B-457D-BDF6-B95DB653DED5}.Release|Any CPU.Build.0 = Release|Any CPU
		{2E1AE725-92D8-4D87-AC34-631DE36646C9}.Debug|Any CPU.ActiveCfg = Debug|Any CPU
		{2E1AE725-92D8-4D87-AC34-631DE36646C9}.Debug|Any CPU.Build.0 = Debug|Any CPU
		{2E1AE725-92D8-4D87-AC34-631DE36646C9}.Release|Any CPU.ActiveCfg = Release|Any CPU
		{2E1AE725-92D8-4D87-AC34-631DE36646C9}.Release|Any CPU.Build.0 = Release|Any CPU
		{D2B5C0EF-EAF3-4165-BFA4-9882A2E08C19}.Debug|Any CPU.ActiveCfg = Debug|Any CPU
		{D2B5C0EF-EAF3-4165-BFA4-9882A2E08C19}.Debug|Any CPU.Build.0 = Debug|Any CPU
		{D2B5C0EF-EAF3-4165-BFA4-9882A2E08C19}.Release|Any CPU.ActiveCfg = Release|Any CPU
		{D2B5C0EF-EAF3-4165-BFA4-9882A2E08C19}.Release|Any CPU.Build.0 = Release|Any CPU
		{FC579EAF-4401-4B94-B674-9ADC9A40FFA2}.Debug|Any CPU.ActiveCfg = Debug|Any CPU
		{FC579EAF-4401-4B94-B674-9ADC9A40FFA2}.Debug|Any CPU.Build.0 = Debug|Any CPU
		{FC579EAF-4401-4B94-B674-9ADC9A40FFA2}.Release|Any CPU.ActiveCfg = Release|Any CPU
		{FC579EAF-4401-4B94-B674-9ADC9A40FFA2}.Release|Any CPU.Build.0 = Release|Any CPU
		{A36B4940-C053-40FB-9718-1E93326D70BF}.Debug|Any CPU.ActiveCfg = Debug|Any CPU
		{A36B4940-C053-40FB-9718-1E93326D70BF}.Debug|Any CPU.Build.0 = Debug|Any CPU
		{A36B4940-C053-40FB-9718-1E93326D70BF}.Release|Any CPU.ActiveCfg = Release|Any CPU
		{A36B4940-C053-40FB-9718-1E93326D70BF}.Release|Any CPU.Build.0 = Release|Any CPU
		{3922B428-73C3-4B48-A1BA-BC444EB42C13}.Debug|Any CPU.ActiveCfg = Debug|Any CPU
		{3922B428-73C3-4B48-A1BA-BC444EB42C13}.Debug|Any CPU.Build.0 = Debug|Any CPU
		{3922B428-73C3-4B48-A1BA-BC444EB42C13}.Release|Any CPU.ActiveCfg = Release|Any CPU
		{3922B428-73C3-4B48-A1BA-BC444EB42C13}.Release|Any CPU.Build.0 = Release|Any CPU
		{7EA84476-93FE-4666-B98C-906B50A6E17B}.Debug|Any CPU.ActiveCfg = Debug|Any CPU
		{7EA84476-93FE-4666-B98C-906B50A6E17B}.Debug|Any CPU.Build.0 = Debug|Any CPU
		{7EA84476-93FE-4666-B98C-906B50A6E17B}.Release|Any CPU.ActiveCfg = Release|Any CPU
		{7EA84476-93FE-4666-B98C-906B50A6E17B}.Release|Any CPU.Build.0 = Release|Any CPU
		{DE3C9B26-3F0B-4AAA-A7DE-FB072ABE4BFE}.Debug|Any CPU.ActiveCfg = Debug|Any CPU
		{DE3C9B26-3F0B-4AAA-A7DE-FB072ABE4BFE}.Debug|Any CPU.Build.0 = Debug|Any CPU
		{DE3C9B26-3F0B-4AAA-A7DE-FB072ABE4BFE}.Release|Any CPU.ActiveCfg = Release|Any CPU
		{DE3C9B26-3F0B-4AAA-A7DE-FB072ABE4BFE}.Release|Any CPU.Build.0 = Release|Any CPU
		{919AA64B-A051-4183-890D-E6B52EB0D24B}.Debug|Any CPU.ActiveCfg = Debug|Any CPU
		{919AA64B-A051-4183-890D-E6B52EB0D24B}.Debug|Any CPU.Build.0 = Debug|Any CPU
		{919AA64B-A051-4183-890D-E6B52EB0D24B}.Release|Any CPU.ActiveCfg = Release|Any CPU
		{919AA64B-A051-4183-890D-E6B52EB0D24B}.Release|Any CPU.Build.0 = Release|Any CPU
		{5E9AF596-E307-4CD6-B8DB-9D668D4AC9E0}.Debug|Any CPU.ActiveCfg = Debug|Any CPU
		{5E9AF596-E307-4CD6-B8DB-9D668D4AC9E0}.Debug|Any CPU.Build.0 = Debug|Any CPU
		{5E9AF596-E307-4CD6-B8DB-9D668D4AC9E0}.Release|Any CPU.ActiveCfg = Release|Any CPU
		{5E9AF596-E307-4CD6-B8DB-9D668D4AC9E0}.Release|Any CPU.Build.0 = Release|Any CPU
		{4C8575CC-7EE8-458B-9F6D-AB92A167B85C}.Debug|Any CPU.ActiveCfg = Debug|Any CPU
		{4C8575CC-7EE8-458B-9F6D-AB92A167B85C}.Debug|Any CPU.Build.0 = Debug|Any CPU
		{4C8575CC-7EE8-458B-9F6D-AB92A167B85C}.Release|Any CPU.ActiveCfg = Release|Any CPU
		{4C8575CC-7EE8-458B-9F6D-AB92A167B85C}.Release|Any CPU.Build.0 = Release|Any CPU
		{53357D34-7A53-4D5E-B511-D9D01E873701}.Debug|Any CPU.ActiveCfg = Debug|Any CPU
		{53357D34-7A53-4D5E-B511-D9D01E873701}.Debug|Any CPU.Build.0 = Debug|Any CPU
		{53357D34-7A53-4D5E-B511-D9D01E873701}.Release|Any CPU.ActiveCfg = Release|Any CPU
		{53357D34-7A53-4D5E-B511-D9D01E873701}.Release|Any CPU.Build.0 = Release|Any CPU
		{3172BDA6-1541-414A-ADCE-4B1218E365BA}.Debug|Any CPU.ActiveCfg = Debug|Any CPU
		{3172BDA6-1541-414A-ADCE-4B1218E365BA}.Debug|Any CPU.Build.0 = Debug|Any CPU
		{3172BDA6-1541-414A-ADCE-4B1218E365BA}.Release|Any CPU.ActiveCfg = Release|Any CPU
		{3172BDA6-1541-414A-ADCE-4B1218E365BA}.Release|Any CPU.Build.0 = Release|Any CPU
		{40149432-3892-4AA2-8DB4-2C7E949D797C}.Debug|Any CPU.ActiveCfg = Debug|Any CPU
		{40149432-3892-4AA2-8DB4-2C7E949D797C}.Debug|Any CPU.Build.0 = Debug|Any CPU
		{40149432-3892-4AA2-8DB4-2C7E949D797C}.Release|Any CPU.ActiveCfg = Release|Any CPU
		{40149432-3892-4AA2-8DB4-2C7E949D797C}.Release|Any CPU.Build.0 = Release|Any CPU
		{DE2A36C1-43C0-4027-8B8D-70B2789D6560}.Debug|Any CPU.ActiveCfg = Debug|Any CPU
		{DE2A36C1-43C0-4027-8B8D-70B2789D6560}.Debug|Any CPU.Build.0 = Debug|Any CPU
		{DE2A36C1-43C0-4027-8B8D-70B2789D6560}.Release|Any CPU.ActiveCfg = Release|Any CPU
		{DE2A36C1-43C0-4027-8B8D-70B2789D6560}.Release|Any CPU.Build.0 = Release|Any CPU
		{0CE55E4C-7888-441C-B574-B3CCCF4E2AF6}.Debug|Any CPU.ActiveCfg = Debug|Any CPU
		{0CE55E4C-7888-441C-B574-B3CCCF4E2AF6}.Debug|Any CPU.Build.0 = Debug|Any CPU
		{0CE55E4C-7888-441C-B574-B3CCCF4E2AF6}.Release|Any CPU.ActiveCfg = Release|Any CPU
		{0CE55E4C-7888-441C-B574-B3CCCF4E2AF6}.Release|Any CPU.Build.0 = Release|Any CPU
		{A7C16B70-ABE5-4ED3-B9D4-0B1A54CF5F12}.Debug|Any CPU.ActiveCfg = Debug|Any CPU
		{A7C16B70-ABE5-4ED3-B9D4-0B1A54CF5F12}.Debug|Any CPU.Build.0 = Debug|Any CPU
		{A7C16B70-ABE5-4ED3-B9D4-0B1A54CF5F12}.Release|Any CPU.ActiveCfg = Release|Any CPU
		{A7C16B70-ABE5-4ED3-B9D4-0B1A54CF5F12}.Release|Any CPU.Build.0 = Release|Any CPU
		{22C801E5-EC04-461F-B876-EDCFC4DD4367}.Debug|Any CPU.ActiveCfg = Debug|Any CPU
		{22C801E5-EC04-461F-B876-EDCFC4DD4367}.Debug|Any CPU.Build.0 = Debug|Any CPU
		{22C801E5-EC04-461F-B876-EDCFC4DD4367}.Release|Any CPU.ActiveCfg = Release|Any CPU
		{22C801E5-EC04-461F-B876-EDCFC4DD4367}.Release|Any CPU.Build.0 = Release|Any CPU
		{5C795341-B801-4C54-B1A8-3B04E38E45ED}.Debug|Any CPU.ActiveCfg = Debug|Any CPU
		{5C795341-B801-4C54-B1A8-3B04E38E45ED}.Debug|Any CPU.Build.0 = Debug|Any CPU
		{5C795341-B801-4C54-B1A8-3B04E38E45ED}.Release|Any CPU.ActiveCfg = Release|Any CPU
		{5C795341-B801-4C54-B1A8-3B04E38E45ED}.Release|Any CPU.Build.0 = Release|Any CPU
		{6FFE1DC6-4A4D-4A9B-BD28-C4F2A8178637}.Debug|Any CPU.ActiveCfg = Debug|Any CPU
		{6FFE1DC6-4A4D-4A9B-BD28-C4F2A8178637}.Debug|Any CPU.Build.0 = Debug|Any CPU
		{6FFE1DC6-4A4D-4A9B-BD28-C4F2A8178637}.Release|Any CPU.ActiveCfg = Release|Any CPU
		{6FFE1DC6-4A4D-4A9B-BD28-C4F2A8178637}.Release|Any CPU.Build.0 = Release|Any CPU
		{F28A345E-3391-4502-AA75-1EB4ADE362D2}.Debug|Any CPU.ActiveCfg = Debug|Any CPU
		{F28A345E-3391-4502-AA75-1EB4ADE362D2}.Debug|Any CPU.Build.0 = Debug|Any CPU
		{F28A345E-3391-4502-AA75-1EB4ADE362D2}.Release|Any CPU.ActiveCfg = Release|Any CPU
		{F28A345E-3391-4502-AA75-1EB4ADE362D2}.Release|Any CPU.Build.0 = Release|Any CPU
		{DF9F002A-3BD1-4D46-ACCD-905FF5F607E7}.Debug|Any CPU.ActiveCfg = Debug|Any CPU
		{DF9F002A-3BD1-4D46-ACCD-905FF5F607E7}.Debug|Any CPU.Build.0 = Debug|Any CPU
		{DF9F002A-3BD1-4D46-ACCD-905FF5F607E7}.Release|Any CPU.ActiveCfg = Release|Any CPU
		{DF9F002A-3BD1-4D46-ACCD-905FF5F607E7}.Release|Any CPU.Build.0 = Release|Any CPU
		{DF9B9308-5A11-4DF1-AF60-2411B709C585}.Debug|Any CPU.ActiveCfg = Debug|Any CPU
		{DF9B9308-5A11-4DF1-AF60-2411B709C585}.Debug|Any CPU.Build.0 = Debug|Any CPU
		{DF9B9308-5A11-4DF1-AF60-2411B709C585}.Release|Any CPU.ActiveCfg = Release|Any CPU
		{DF9B9308-5A11-4DF1-AF60-2411B709C585}.Release|Any CPU.Build.0 = Release|Any CPU
		{394AD5F2-0EE4-49C7-BA92-ACF241BA3899}.Debug|Any CPU.ActiveCfg = Debug|Any CPU
		{394AD5F2-0EE4-49C7-BA92-ACF241BA3899}.Debug|Any CPU.Build.0 = Debug|Any CPU
		{394AD5F2-0EE4-49C7-BA92-ACF241BA3899}.Release|Any CPU.ActiveCfg = Release|Any CPU
		{394AD5F2-0EE4-49C7-BA92-ACF241BA3899}.Release|Any CPU.Build.0 = Release|Any CPU
		{4AF15C6F-07C4-4FFF-BE21-38BBE4211CB3}.Debug|Any CPU.ActiveCfg = Debug|Any CPU
		{4AF15C6F-07C4-4FFF-BE21-38BBE4211CB3}.Debug|Any CPU.Build.0 = Debug|Any CPU
		{4AF15C6F-07C4-4FFF-BE21-38BBE4211CB3}.Release|Any CPU.ActiveCfg = Release|Any CPU
		{4AF15C6F-07C4-4FFF-BE21-38BBE4211CB3}.Release|Any CPU.Build.0 = Release|Any CPU
		{D931C861-AF1A-4F68-B5DD-4BA93E117E93}.Debug|Any CPU.ActiveCfg = Debug|Any CPU
		{D931C861-AF1A-4F68-B5DD-4BA93E117E93}.Debug|Any CPU.Build.0 = Debug|Any CPU
		{D931C861-AF1A-4F68-B5DD-4BA93E117E93}.Release|Any CPU.ActiveCfg = Release|Any CPU
		{D931C861-AF1A-4F68-B5DD-4BA93E117E93}.Release|Any CPU.Build.0 = Release|Any CPU
		{CFC6DBB8-4FC6-4B55-BFA3-21A4DC4FE0E5}.Debug|Any CPU.ActiveCfg = Debug|Any CPU
		{CFC6DBB8-4FC6-4B55-BFA3-21A4DC4FE0E5}.Debug|Any CPU.Build.0 = Debug|Any CPU
		{CFC6DBB8-4FC6-4B55-BFA3-21A4DC4FE0E5}.Release|Any CPU.ActiveCfg = Release|Any CPU
		{CFC6DBB8-4FC6-4B55-BFA3-21A4DC4FE0E5}.Release|Any CPU.Build.0 = Release|Any CPU
		{DEA65F01-1E01-4310-B5A5-B5585B8F3D1E}.Debug|Any CPU.ActiveCfg = Debug|Any CPU
		{DEA65F01-1E01-4310-B5A5-B5585B8F3D1E}.Debug|Any CPU.Build.0 = Debug|Any CPU
		{DEA65F01-1E01-4310-B5A5-B5585B8F3D1E}.Release|Any CPU.ActiveCfg = Release|Any CPU
		{DEA65F01-1E01-4310-B5A5-B5585B8F3D1E}.Release|Any CPU.Build.0 = Release|Any CPU
		{62C29AE5-8F47-40DE-B9BB-FBB3E2A91A25}.Debug|Any CPU.ActiveCfg = Debug|Any CPU
		{62C29AE5-8F47-40DE-B9BB-FBB3E2A91A25}.Debug|Any CPU.Build.0 = Debug|Any CPU
		{62C29AE5-8F47-40DE-B9BB-FBB3E2A91A25}.Release|Any CPU.ActiveCfg = Release|Any CPU
		{62C29AE5-8F47-40DE-B9BB-FBB3E2A91A25}.Release|Any CPU.Build.0 = Release|Any CPU
		{E34D147C-FA96-4255-A049-8E57751ABCAF}.Debug|Any CPU.ActiveCfg = Debug|Any CPU
		{E34D147C-FA96-4255-A049-8E57751ABCAF}.Debug|Any CPU.Build.0 = Debug|Any CPU
		{E34D147C-FA96-4255-A049-8E57751ABCAF}.Release|Any CPU.ActiveCfg = Release|Any CPU
		{E34D147C-FA96-4255-A049-8E57751ABCAF}.Release|Any CPU.Build.0 = Release|Any CPU
		{132E3E95-547E-4B4B-82E0-464BE5DF960B}.Debug|Any CPU.ActiveCfg = Debug|Any CPU
		{132E3E95-547E-4B4B-82E0-464BE5DF960B}.Debug|Any CPU.Build.0 = Debug|Any CPU
		{132E3E95-547E-4B4B-82E0-464BE5DF960B}.Release|Any CPU.ActiveCfg = Release|Any CPU
		{132E3E95-547E-4B4B-82E0-464BE5DF960B}.Release|Any CPU.Build.0 = Release|Any CPU
		{75A374BF-180A-4FA3-92C5-B7D6BF6C95F6}.Debug|Any CPU.ActiveCfg = Debug|Any CPU
		{75A374BF-180A-4FA3-92C5-B7D6BF6C95F6}.Debug|Any CPU.Build.0 = Debug|Any CPU
		{75A374BF-180A-4FA3-92C5-B7D6BF6C95F6}.Release|Any CPU.ActiveCfg = Release|Any CPU
		{75A374BF-180A-4FA3-92C5-B7D6BF6C95F6}.Release|Any CPU.Build.0 = Release|Any CPU
	EndGlobalSection
	GlobalSection(SolutionProperties) = preSolution
		HideSolutionNode = FALSE
	EndGlobalSection
	GlobalSection(NestedProjects) = preSolution
		{BCBF2FC8-1778-44C5-84D2-45ED7DB81D47} = {7C683081-67D1-4A51-A251-52EF8ACA16E3}
		{01CC852B-B187-4115-B5A4-791290301A9C} = {7C683081-67D1-4A51-A251-52EF8ACA16E3}
		{84981C03-3E41-43A9-9106-3AB7E9A3180A} = {7C683081-67D1-4A51-A251-52EF8ACA16E3}
		{44CDC0A7-F94D-4E5D-9209-AF3950FEB8FF} = {7C683081-67D1-4A51-A251-52EF8ACA16E3}
		{F8195A17-3DA9-4F5E-8C6C-24E714929AE9} = {7C683081-67D1-4A51-A251-52EF8ACA16E3}
		{2E1AE725-92D8-4D87-AC34-631DE36646C9} = {7C683081-67D1-4A51-A251-52EF8ACA16E3}
		{919AA64B-A051-4183-890D-E6B52EB0D24B} = {7C683081-67D1-4A51-A251-52EF8ACA16E3}
		{5E9AF596-E307-4CD6-B8DB-9D668D4AC9E0} = {7C683081-67D1-4A51-A251-52EF8ACA16E3}
		{53357D34-7A53-4D5E-B511-D9D01E873701} = {7C683081-67D1-4A51-A251-52EF8ACA16E3}
		{3172BDA6-1541-414A-ADCE-4B1218E365BA} = {7C683081-67D1-4A51-A251-52EF8ACA16E3}
		{40149432-3892-4AA2-8DB4-2C7E949D797C} = {7C683081-67D1-4A51-A251-52EF8ACA16E3}
		{DE2A36C1-43C0-4027-8B8D-70B2789D6560} = {7C683081-67D1-4A51-A251-52EF8ACA16E3}
		{0CE55E4C-7888-441C-B574-B3CCCF4E2AF6} = {7C683081-67D1-4A51-A251-52EF8ACA16E3}
		{A7C16B70-ABE5-4ED3-B9D4-0B1A54CF5F12} = {7C683081-67D1-4A51-A251-52EF8ACA16E3}
		{22C801E5-EC04-461F-B876-EDCFC4DD4367} = {7C683081-67D1-4A51-A251-52EF8ACA16E3}
		{5C795341-B801-4C54-B1A8-3B04E38E45ED} = {7C683081-67D1-4A51-A251-52EF8ACA16E3}
		{6FFE1DC6-4A4D-4A9B-BD28-C4F2A8178637} = {7C683081-67D1-4A51-A251-52EF8ACA16E3}
		{F28A345E-3391-4502-AA75-1EB4ADE362D2} = {7C683081-67D1-4A51-A251-52EF8ACA16E3}
		{394AD5F2-0EE4-49C7-BA92-ACF241BA3899} = {7C683081-67D1-4A51-A251-52EF8ACA16E3}
		{4AF15C6F-07C4-4FFF-BE21-38BBE4211CB3} = {7C683081-67D1-4A51-A251-52EF8ACA16E3}
		{D931C861-AF1A-4F68-B5DD-4BA93E117E93} = {7C683081-67D1-4A51-A251-52EF8ACA16E3}
		{CFC6DBB8-4FC6-4B55-BFA3-21A4DC4FE0E5} = {7C683081-67D1-4A51-A251-52EF8ACA16E3}
		{DEA65F01-1E01-4310-B5A5-B5585B8F3D1E} = {7C683081-67D1-4A51-A251-52EF8ACA16E3}
		{62C29AE5-8F47-40DE-B9BB-FBB3E2A91A25} = {7C683081-67D1-4A51-A251-52EF8ACA16E3}
		{E34D147C-FA96-4255-A049-8E57751ABCAF} = {7C683081-67D1-4A51-A251-52EF8ACA16E3}
		{132E3E95-547E-4B4B-82E0-464BE5DF960B} = {7C683081-67D1-4A51-A251-52EF8ACA16E3}
		{75A374BF-180A-4FA3-92C5-B7D6BF6C95F6} = {7C683081-67D1-4A51-A251-52EF8ACA16E3}
	EndGlobalSection
	GlobalSection(ExtensibilityGlobals) = postSolution
		SolutionGuid = {C8A058B7-9F88-4E84-9E8D-D2CAA2E449D1}
	EndGlobalSection
EndGlobal
